
Microsoft Visual Studio Solution File, Format Version 12.00
# Visual Studio Version 16
VisualStudioVersion = 16.0.29503.13
MinimumVisualStudioVersion = 10.0.40219.1
Project("{9A19103F-16F7-4668-BE54-9A1E7A4F7556}") = "AutoFIxture.Examples", "AutoFIxture.Examples\AutoFIxture.Examples.csproj", "{F450BAFA-BE1F-4616-8C80-49B37BBE53D1}"
EndProject
Project("{FAE04EC0-301F-11D3-BF4B-00C04F79EFBC}") = "AutoFixture.Examples.Tests", "AutoFixture.Examples.Tests\AutoFixture.Examples.Tests.csproj", "{EF4CA1FC-F794-4E80-A60D-A0E4B06D63B6}"
EndProject
Global
	GlobalSection(SolutionConfigurationPlatforms) = preSolution
		Debug|Any CPU = Debug|Any CPU
		Release|Any CPU = Release|Any CPU
	EndGlobalSection
	GlobalSection(ProjectConfigurationPlatforms) = postSolution
		{F450BAFA-BE1F-4616-8C80-49B37BBE53D1}.Debug|Any CPU.ActiveCfg = Debug|Any CPU
		{F450BAFA-BE1F-4616-8C80-49B37BBE53D1}.Debug|Any CPU.Build.0 = Debug|Any CPU
		{F450BAFA-BE1F-4616-8C80-49B37BBE53D1}.Release|Any CPU.ActiveCfg = Release|Any CPU
		{F450BAFA-BE1F-4616-8C80-49B37BBE53D1}.Release|Any CPU.Build.0 = Release|Any CPU
		{EF4CA1FC-F794-4E80-A60D-A0E4B06D63B6}.Debug|Any CPU.ActiveCfg = Debug|Any CPU
		{EF4CA1FC-F794-4E80-A60D-A0E4B06D63B6}.Debug|Any CPU.Build.0 = Debug|Any CPU
		{EF4CA1FC-F794-4E80-A60D-A0E4B06D63B6}.Release|Any CPU.ActiveCfg = Release|Any CPU
		{EF4CA1FC-F794-4E80-A60D-A0E4B06D63B6}.Release|Any CPU.Build.0 = Release|Any CPU
	EndGlobalSection
	GlobalSection(SolutionProperties) = preSolution
		HideSolutionNode = FALSE
	EndGlobalSection
	GlobalSection(ExtensibilityGlobals) = postSolution
		SolutionGuid = {8F31B656-06D7-4E1C-9568-1203A379D838}
	EndGlobalSection
EndGlobal
